<?xml version="1.0" encoding="utf-8"?>
<Project ToolsVersion="4.0" xmlns="http://schemas.microsoft.com/developer/msbuild/2003">
  <ItemGroup>
    <Filter Include="源文件">
      <UniqueIdentifier>{4FC737F1-C7A5-4376-A066-2A32D752A2FF}</UniqueIdentifier>
      <Extensions>cpp;c;cc;cxx;def;odl;idl;hpj;bat;asm;asmx</Extensions>
    </Filter>
    <Filter Include="头文件">
      <UniqueIdentifier>{93995380-89BD-4b04-88EB-625FBE52EBFB}</UniqueIdentifier>
      <Extensions>h;hh;hpp;hxx;hm;inl;inc;ipp;xsd</Extensions>
    </Filter>
    <Filter Include="资源文件">
      <UniqueIdentifier>{67DA6AB6-F800-4c08-8B7A-83BB121AAD01}</UniqueIdentifier>
      <Extensions>rc;ico;cur;bmp;dlg;rc2;rct;bin;rgs;gif;jpg;jpeg;jpe;resx;tiff;tif;png;wav;mfcribbon-ms</Extensions>
    </Filter>
  </ItemGroup>
  <ItemGroup>
    <ClCompile Include="TestMain.cpp">
      <Filter>源文件</Filter>
    </ClCompile>
    <ClCompile Include="Source\Memory\Memory.cpp">
      <Filter>源文件</Filter>
    </ClCompile>
    <ClCompile Include="Source\Math\MathUtility.cpp">
      <Filter>源文件</Filter>
    </ClCompile>
    <ClCompile Include="Source\Containers\HashTable.cpp">
      <Filter>源文件</Filter>
    </ClCompile>
  </ItemGroup>
  <ItemGroup>
    <ClInclude Include="Include\Templates\Align.h">
      <Filter>头文件</Filter>
    </ClInclude>
    <ClInclude Include="Include\Templates\TypeTraits.h">
      <Filter>头文件</Filter>
    </ClInclude>
    <ClInclude Include="Include\Memory\Memory.h">
      <Filter>头文件</Filter>
    </ClInclude>
    <ClInclude Include="Include\Math\MathUtility.h">
      <Filter>头文件</Filter>
    </ClInclude>
    <ClInclude Include="Include\Containers\Allocators.h">
      <Filter>头文件</Filter>
    </ClInclude>
    <ClInclude Include="Include\Containers\Array.h">
      <Filter>头文件</Filter>
    </ClInclude>
    <ClInclude Include="Include\Containers\String.h">
      <Filter>头文件</Filter>
    </ClInclude>
    <ClInclude Include="Include\CoreConfig.h">
      <Filter>头文件</Filter>
    </ClInclude>
    <ClInclude Include="Include\Containers\ContainerFwd.h">
      <Filter>头文件</Filter>
    </ClInclude>
    <ClInclude Include="Include\CoreType.h">
      <Filter>头文件</Filter>
    </ClInclude>
    <ClInclude Include="Include\String\CString.h">
      <Filter>头文件</Filter>
    </ClInclude>
    <ClInclude Include="Include\String\Char.h">
      <Filter>头文件</Filter>
    </ClInclude>
    <ClInclude Include="Include\CoreMinimal\Log.h">
      <Filter>头文件</Filter>
    </ClInclude>
    <ClInclude Include="Include\CoreMinimal\Assert.h">
      <Filter>头文件</Filter>
    </ClInclude>
    <ClInclude Include="Include\CoreMinimal\Delegate.h">
      <Filter>头文件</Filter>
    </ClInclude>
    <ClInclude Include="Include\Algo\Sort.h">
      <Filter>头文件</Filter>
    </ClInclude>
    <ClInclude Include="Include\Templates\UtilityTemp.h">
      <Filter>头文件</Filter>
    </ClInclude>
    <ClInclude Include="Include\Templates\Functor.h">
      <Filter>头文件</Filter>
    </ClInclude>
    <ClInclude Include="Include\Algo\AllOf.h">
      <Filter>头文件</Filter>
    </ClInclude>
    <ClInclude Include="Include\Algo\Accumulate.h">
      <Filter>头文件</Filter>
    </ClInclude>
    <ClInclude Include="Include\Algo\Compare.h">
      <Filter>头文件</Filter>
    </ClInclude>
    <ClInclude Include="Include\Algo\Copy.h">
      <Filter>头文件</Filter>
    </ClInclude>
    <ClInclude Include="Include\Algo\Count.h">
      <Filter>头文件</Filter>
    </ClInclude>
    <ClInclude Include="Include\Algo\BinarySearch.h">
      <Filter>头文件</Filter>
    </ClInclude>
    <ClInclude Include="Include\Algo\Find.h">
      <Filter>头文件</Filter>
    </ClInclude>
    <ClInclude Include="Include\Algo\ForEach.h">
      <Filter>头文件</Filter>
    </ClInclude>
    <ClInclude Include="Include\Algo\IsHeap.h">
      <Filter>头文件</Filter>
    </ClInclude>
    <ClInclude Include="Include\Algo\IsSorted.h">
      <Filter>头文件</Filter>
    </ClInclude>
    <ClInclude Include="Include\Algo\LevenshteinDistance.h">
      <Filter>头文件</Filter>
    </ClInclude>
    <ClInclude Include="Include\Algo\MinMax.h">
      <Filter>头文件</Filter>
    </ClInclude>
    <ClInclude Include="Include\Algo\Partition.h">
      <Filter>头文件</Filter>
    </ClInclude>
    <ClInclude Include="Include\Algo\RemoveIf.h">
      <Filter>头文件</Filter>
    </ClInclude>
    <ClInclude Include="Include\Algo\Replace.h">
      <Filter>头文件</Filter>
    </ClInclude>
    <ClInclude Include="Include\Algo\Reverse.h">
      <Filter>头文件</Filter>
    </ClInclude>
    <ClInclude Include="Include\Algo\Rotate.h">
      <Filter>头文件</Filter>
    </ClInclude>
    <ClInclude Include="Include\Algo\StableSort.h">
      <Filter>头文件</Filter>
    </ClInclude>
    <ClInclude Include="Include\Algo\Transform.h">
      <Filter>头文件</Filter>
    </ClInclude>
    <ClInclude Include="Include\Algo\Unique.h">
      <Filter>头文件</Filter>
    </ClInclude>
    <ClInclude Include="Include\Templates\Sorting.h">
      <Filter>头文件</Filter>
    </ClInclude>
    <ClInclude Include="ThirdParty\EASTL\include\EASTL\bonus\adaptors.h">
      <Filter>头文件</Filter>
    </ClInclude>
    <ClInclude Include="ThirdParty\EASTL\include\EASTL\bonus\call_traits.h">
      <Filter>头文件</Filter>
    </ClInclude>
    <ClInclude Include="ThirdParty\EASTL\include\EASTL\bonus\compressed_pair.h">
      <Filter>头文件</Filter>
    </ClInclude>
    <ClInclude Include="ThirdParty\EASTL\include\EASTL\bonus\fixed_ring_buffer.h">
      <Filter>头文件</Filter>
    </ClInclude>
    <ClInclude Include="ThirdParty\EASTL\include\EASTL\bonus\fixed_tuple_vector.h">
      <Filter>头文件</Filter>
    </ClInclude>
    <ClInclude Include="ThirdParty\EASTL\include\EASTL\bonus\intrusive_sdlist.h">
      <Filter>头文件</Filter>
    </ClInclude>
    <ClInclude Include="ThirdParty\EASTL\include\EASTL\bonus\intrusive_slist.h">
      <Filter>头文件</Filter>
    </ClInclude>
    <ClInclude Include="ThirdParty\EASTL\include\EASTL\bonus\list_map.h">
      <Filter>头文件</Filter>
    </ClInclude>
    <ClInclude Include="ThirdParty\EASTL\include\EASTL\bonus\lru_cache.h">
      <Filter>头文件</Filter>
    </ClInclude>
    <ClInclude Include="ThirdParty\EASTL\include\EASTL\bonus\ring_buffer.h">
      <Filter>头文件</Filter>
    </ClInclude>
    <ClInclude Include="ThirdParty\EASTL\include\EASTL\bonus\sort_extra.h">
      <Filter>头文件</Filter>
    </ClInclude>
    <ClInclude Include="ThirdParty\EASTL\include\EASTL\bonus\sparse_matrix.h">
      <Filter>头文件</Filter>
    </ClInclude>
    <ClInclude Include="ThirdParty\EASTL\include\EASTL\bonus\tuple_vector.h">
      <Filter>头文件</Filter>
    </ClInclude>
    <ClInclude Include="ThirdParty\EASTL\include\EASTL\internal\allocator_traits.h">
      <Filter>头文件</Filter>
    </ClInclude>
    <ClInclude Include="ThirdParty\EASTL\include\EASTL\internal\allocator_traits_fwd_decls.h">
      <Filter>头文件</Filter>
    </ClInclude>
    <ClInclude Include="ThirdParty\EASTL\include\EASTL\internal\char_traits.h">
      <Filter>头文件</Filter>
    </ClInclude>
    <ClInclude Include="ThirdParty\EASTL\include\EASTL\internal\config.h">
      <Filter>头文件</Filter>
    </ClInclude>
    <ClInclude Include="ThirdParty\EASTL\include\EASTL\internal\copy_help.h">
      <Filter>头文件</Filter>
    </ClInclude>
    <ClInclude Include="ThirdParty\EASTL\include\EASTL\internal\enable_shared.h">
      <Filter>头文件</Filter>
    </ClInclude>
    <ClInclude Include="ThirdParty\EASTL\include\EASTL\internal\fill_help.h">
      <Filter>头文件</Filter>
    </ClInclude>
    <ClInclude Include="ThirdParty\EASTL\include\EASTL\internal\fixed_pool.h">
      <Filter>头文件</Filter>
    </ClInclude>
    <ClInclude Include="ThirdParty\EASTL\include\EASTL\internal\function.h">
      <Filter>头文件</Filter>
    </ClInclude>
    <ClInclude Include="ThirdParty\EASTL\include\EASTL\internal\function_detail.h">
      <Filter>头文件</Filter>
    </ClInclude>
    <ClInclude Include="ThirdParty\EASTL\include\EASTL\internal\function_help.h">
      <Filter>头文件</Filter>
    </ClInclude>
    <ClInclude Include="ThirdParty\EASTL\include\EASTL\internal\functional_base.h">
      <Filter>头文件</Filter>
    </ClInclude>
    <ClInclude Include="ThirdParty\EASTL\include\EASTL\internal\generic_iterator.h">
      <Filter>头文件</Filter>
    </ClInclude>
    <ClInclude Include="ThirdParty\EASTL\include\EASTL\internal\hashtable.h">
      <Filter>头文件</Filter>
    </ClInclude>
    <ClInclude Include="ThirdParty\EASTL\include\EASTL\internal\in_place_t.h">
      <Filter>头文件</Filter>
    </ClInclude>
    <ClInclude Include="ThirdParty\EASTL\include\EASTL\internal\integer_sequence.h">
      <Filter>头文件</Filter>
    </ClInclude>
    <ClInclude Include="ThirdParty\EASTL\include\EASTL\internal\intrusive_hashtable.h">
      <Filter>头文件</Filter>
    </ClInclude>
    <ClInclude Include="ThirdParty\EASTL\include\EASTL\internal\mem_fn.h">
      <Filter>头文件</Filter>
    </ClInclude>
    <ClInclude Include="ThirdParty\EASTL\include\EASTL\internal\memory_base.h">
      <Filter>头文件</Filter>
    </ClInclude>
    <ClInclude Include="ThirdParty\EASTL\include\EASTL\internal\move_help.h">
      <Filter>头文件</Filter>
    </ClInclude>
    <ClInclude Include="ThirdParty\EASTL\include\EASTL\internal\pair_fwd_decls.h">
      <Filter>头文件</Filter>
    </ClInclude>
    <ClInclude Include="ThirdParty\EASTL\include\EASTL\internal\piecewise_construct_t.h">
      <Filter>头文件</Filter>
    </ClInclude>
    <ClInclude Include="ThirdParty\EASTL\include\EASTL\internal\red_black_tree.h">
      <Filter>头文件</Filter>
    </ClInclude>
    <ClInclude Include="ThirdParty\EASTL\include\EASTL\internal\smart_ptr.h">
      <Filter>头文件</Filter>
    </ClInclude>
    <ClInclude Include="ThirdParty\EASTL\include\EASTL\internal\thread_support.h">
      <Filter>头文件</Filter>
    </ClInclude>
    <ClInclude Include="ThirdParty\EASTL\include\EASTL\internal\tuple_fwd_decls.h">
      <Filter>头文件</Filter>
    </ClInclude>
    <ClInclude Include="ThirdParty\EASTL\include\EASTL\internal\type_compound.h">
      <Filter>头文件</Filter>
    </ClInclude>
    <ClInclude Include="ThirdParty\EASTL\include\EASTL\internal\type_fundamental.h">
      <Filter>头文件</Filter>
    </ClInclude>
    <ClInclude Include="ThirdParty\EASTL\include\EASTL\internal\type_pod.h">
      <Filter>头文件</Filter>
    </ClInclude>
    <ClInclude Include="ThirdParty\EASTL\include\EASTL\internal\type_properties.h">
      <Filter>头文件</Filter>
    </ClInclude>
    <ClInclude Include="ThirdParty\EASTL\include\EASTL\internal\type_transformations.h">
      <Filter>头文件</Filter>
    </ClInclude>
    <ClInclude Include="ThirdParty\EASTL\include\EASTL\algorithm.h">
      <Filter>头文件</Filter>
    </ClInclude>
    <ClInclude Include="ThirdParty\EASTL\include\EASTL\allocator.h">
      <Filter>头文件</Filter>
    </ClInclude>
    <ClInclude Include="ThirdParty\EASTL\include\EASTL\allocator_malloc.h">
      <Filter>头文件</Filter>
    </ClInclude>
    <ClInclude Include="ThirdParty\EASTL\include\EASTL\any.h">
      <Filter>头文件</Filter>
    </ClInclude>
    <ClInclude Include="ThirdParty\EASTL\include\EASTL\array.h">
      <Filter>头文件</Filter>
    </ClInclude>
    <ClInclude Include="ThirdParty\EASTL\include\EASTL\bitset.h">
      <Filter>头文件</Filter>
    </ClInclude>
    <ClInclude Include="ThirdParty\EASTL\include\EASTL\bitvector.h">
      <Filter>头文件</Filter>
    </ClInclude>
    <ClInclude Include="ThirdParty\EASTL\include\EASTL\chrono.h">
      <Filter>头文件</Filter>
    </ClInclude>
    <ClInclude Include="ThirdParty\EASTL\include\EASTL\core_allocator.h">
      <Filter>头文件</Filter>
    </ClInclude>
    <ClInclude Include="ThirdParty\EASTL\include\EASTL\core_allocator_adapter.h">
      <Filter>头文件</Filter>
    </ClInclude>
    <ClInclude Include="ThirdParty\EASTL\include\EASTL\deque.h">
      <Filter>头文件</Filter>
    </ClInclude>
    <ClInclude Include="ThirdParty\EASTL\include\EASTL\finally.h">
      <Filter>头文件</Filter>
    </ClInclude>
    <ClInclude Include="ThirdParty\EASTL\include\EASTL\fixed_allocator.h">
      <Filter>头文件</Filter>
    </ClInclude>
    <ClInclude Include="ThirdParty\EASTL\include\EASTL\fixed_function.h">
      <Filter>头文件</Filter>
    </ClInclude>
    <ClInclude Include="ThirdParty\EASTL\include\EASTL\fixed_hash_map.h">
      <Filter>头文件</Filter>
    </ClInclude>
    <ClInclude Include="ThirdParty\EASTL\include\EASTL\fixed_hash_set.h">
      <Filter>头文件</Filter>
    </ClInclude>
    <ClInclude Include="ThirdParty\EASTL\include\EASTL\fixed_list.h">
      <Filter>头文件</Filter>
    </ClInclude>
    <ClInclude Include="ThirdParty\EASTL\include\EASTL\fixed_map.h">
      <Filter>头文件</Filter>
    </ClInclude>
    <ClInclude Include="ThirdParty\EASTL\include\EASTL\fixed_set.h">
      <Filter>头文件</Filter>
    </ClInclude>
    <ClInclude Include="ThirdParty\EASTL\include\EASTL\fixed_slist.h">
      <Filter>头文件</Filter>
    </ClInclude>
    <ClInclude Include="ThirdParty\EASTL\include\EASTL\fixed_string.h">
      <Filter>头文件</Filter>
    </ClInclude>
    <ClInclude Include="ThirdParty\EASTL\include\EASTL\fixed_substring.h">
      <Filter>头文件</Filter>
    </ClInclude>
    <ClInclude Include="ThirdParty\EASTL\include\EASTL\fixed_vector.h">
      <Filter>头文件</Filter>
    </ClInclude>
    <ClInclude Include="ThirdParty\EASTL\include\EASTL\functional.h">
      <Filter>头文件</Filter>
    </ClInclude>
    <ClInclude Include="ThirdParty\EASTL\include\EASTL\hash_map.h">
      <Filter>头文件</Filter>
    </ClInclude>
    <ClInclude Include="ThirdParty\EASTL\include\EASTL\hash_set.h">
      <Filter>头文件</Filter>
    </ClInclude>
    <ClInclude Include="ThirdParty\EASTL\include\EASTL\heap.h">
      <Filter>头文件</Filter>
    </ClInclude>
    <ClInclude Include="ThirdParty\EASTL\include\EASTL\initializer_list.h">
      <Filter>头文件</Filter>
    </ClInclude>
    <ClInclude Include="ThirdParty\EASTL\include\EASTL\intrusive_hash_map.h">
      <Filter>头文件</Filter>
    </ClInclude>
    <ClInclude Include="ThirdParty\EASTL\include\EASTL\intrusive_hash_set.h">
      <Filter>头文件</Filter>
    </ClInclude>
    <ClInclude Include="ThirdParty\EASTL\include\EASTL\intrusive_list.h">
      <Filter>头文件</Filter>
    </ClInclude>
    <ClInclude Include="ThirdParty\EASTL\include\EASTL\intrusive_ptr.h">
      <Filter>头文件</Filter>
    </ClInclude>
    <ClInclude Include="ThirdParty\EASTL\include\EASTL\iterator.h">
      <Filter>头文件</Filter>
    </ClInclude>
    <ClInclude Include="ThirdParty\EASTL\include\EASTL\linked_array.h">
      <Filter>头文件</Filter>
    </ClInclude>
    <ClInclude Include="ThirdParty\EASTL\include\EASTL\linked_ptr.h">
      <Filter>头文件</Filter>
    </ClInclude>
    <ClInclude Include="ThirdParty\EASTL\include\EASTL\list.h">
      <Filter>头文件</Filter>
    </ClInclude>
    <ClInclude Include="ThirdParty\EASTL\include\EASTL\map.h">
      <Filter>头文件</Filter>
    </ClInclude>
    <ClInclude Include="ThirdParty\EASTL\include\EASTL\memory.h">
      <Filter>头文件</Filter>
    </ClInclude>
    <ClInclude Include="ThirdParty\EASTL\include\EASTL\meta.h">
      <Filter>头文件</Filter>
    </ClInclude>
    <ClInclude Include="ThirdParty\EASTL\include\EASTL\numeric.h">
      <Filter>头文件</Filter>
    </ClInclude>
    <ClInclude Include="ThirdParty\EASTL\include\EASTL\numeric_limits.h">
      <Filter>头文件</Filter>
    </ClInclude>
    <ClInclude Include="ThirdParty\EASTL\include\EASTL\optional.h">
      <Filter>头文件</Filter>
    </ClInclude>
    <ClInclude Include="ThirdParty\EASTL\include\EASTL\priority_queue.h">
      <Filter>头文件</Filter>
    </ClInclude>
    <ClInclude Include="ThirdParty\EASTL\include\EASTL\queue.h">
      <Filter>头文件</Filter>
    </ClInclude>
    <ClInclude Include="ThirdParty\EASTL\include\EASTL\random.h">
      <Filter>头文件</Filter>
    </ClInclude>
    <ClInclude Include="ThirdParty\EASTL\include\EASTL\ratio.h">
      <Filter>头文件</Filter>
    </ClInclude>
    <ClInclude Include="ThirdParty\EASTL\include\EASTL\safe_ptr.h">
      <Filter>头文件</Filter>
    </ClInclude>
    <ClInclude Include="ThirdParty\EASTL\include\EASTL\scoped_array.h">
      <Filter>头文件</Filter>
    </ClInclude>
    <ClInclude Include="ThirdParty\EASTL\include\EASTL\scoped_ptr.h">
      <Filter>头文件</Filter>
    </ClInclude>
    <ClInclude Include="ThirdParty\EASTL\include\EASTL\segmented_vector.h">
      <Filter>头文件</Filter>
    </ClInclude>
    <ClInclude Include="ThirdParty\EASTL\include\EASTL\set.h">
      <Filter>头文件</Filter>
    </ClInclude>
    <ClInclude Include="ThirdParty\EASTL\include\EASTL\shared_array.h">
      <Filter>头文件</Filter>
    </ClInclude>
    <ClInclude Include="ThirdParty\EASTL\include\EASTL\shared_ptr.h">
      <Filter>头文件</Filter>
    </ClInclude>
    <ClInclude Include="ThirdParty\EASTL\include\EASTL\slist.h">
      <Filter>头文件</Filter>
    </ClInclude>
    <ClInclude Include="ThirdParty\EASTL\include\EASTL\sort.h">
      <Filter>头文件</Filter>
    </ClInclude>
    <ClInclude Include="ThirdParty\EASTL\include\EASTL\span.h">
      <Filter>头文件</Filter>
    </ClInclude>
    <ClInclude Include="ThirdParty\EASTL\include\EASTL\stack.h">
      <Filter>头文件</Filter>
    </ClInclude>
    <ClInclude Include="ThirdParty\EASTL\include\EASTL\string.h">
      <Filter>头文件</Filter>
    </ClInclude>
    <ClInclude Include="ThirdParty\EASTL\include\EASTL\string_hash_map.h">
      <Filter>头文件</Filter>
    </ClInclude>
    <ClInclude Include="ThirdParty\EASTL\include\EASTL\string_map.h">
      <Filter>头文件</Filter>
    </ClInclude>
    <ClInclude Include="ThirdParty\EASTL\include\EASTL\string_view.h">
      <Filter>头文件</Filter>
    </ClInclude>
    <ClInclude Include="ThirdParty\EASTL\include\EASTL\tuple.h">
      <Filter>头文件</Filter>
    </ClInclude>
    <ClInclude Include="ThirdParty\EASTL\include\EASTL\type_traits.h">
      <Filter>头文件</Filter>
    </ClInclude>
    <ClInclude Include="ThirdParty\EASTL\include\EASTL\unique_ptr.h">
      <Filter>头文件</Filter>
    </ClInclude>
    <ClInclude Include="ThirdParty\EASTL\include\EASTL\unordered_map.h">
      <Filter>头文件</Filter>
    </ClInclude>
    <ClInclude Include="ThirdParty\EASTL\include\EASTL\unordered_set.h">
      <Filter>头文件</Filter>
    </ClInclude>
    <ClInclude Include="ThirdParty\EASTL\include\EASTL\utility.h">
      <Filter>头文件</Filter>
    </ClInclude>
    <ClInclude Include="ThirdParty\EASTL\include\EASTL\variant.h">
      <Filter>头文件</Filter>
    </ClInclude>
    <ClInclude Include="ThirdParty\EASTL\include\EASTL\vector.h">
      <Filter>头文件</Filter>
    </ClInclude>
    <ClInclude Include="ThirdParty\EASTL\include\EASTL\vector_map.h">
      <Filter>头文件</Filter>
    </ClInclude>
    <ClInclude Include="ThirdParty\EASTL\include\EASTL\vector_multimap.h">
      <Filter>头文件</Filter>
    </ClInclude>
    <ClInclude Include="ThirdParty\EASTL\include\EASTL\vector_multiset.h">
      <Filter>头文件</Filter>
    </ClInclude>
    <ClInclude Include="ThirdParty\EASTL\include\EASTL\vector_set.h">
      <Filter>头文件</Filter>
    </ClInclude>
    <ClInclude Include="ThirdParty\EASTL\include\EASTL\version.h">
      <Filter>头文件</Filter>
    </ClInclude>
    <ClInclude Include="ThirdParty\EASTL\include\EASTL\weak_ptr.h">
      <Filter>头文件</Filter>
    </ClInclude>
    <ClInclude Include="Include\Containers\HashTable.h">
      <Filter>头文件</Filter>
    </ClInclude>
    <ClInclude Include="Include\Containers\BitArray.h">
      <Filter>头文件</Filter>
    </ClInclude>
    <ClInclude Include="Include\Containers\ArrayView.h">
      <Filter>头文件</Filter>
    </ClInclude>
    <ClInclude Include="Include\Containers\CircularBuffer.h">
      <Filter>头文件</Filter>
    </ClInclude>
    <ClInclude Include="Include\Containers\CircularQueue.h">
      <Filter>头文件</Filter>
    </ClInclude>
    <ClInclude Include="Include\Templates\Atomic.h">
      <Filter>头文件</Filter>
    </ClInclude>
    <ClInclude Include="Include\Templates\Tuple.h">
      <Filter>头文件</Filter>
    </ClInclude>
    <ClInclude Include="Include\Templates\TypeHash.h">
      <Filter>头文件</Filter>
    </ClInclude>
    <ClInclude Include="Include\CoreMinimal\Crc.h">
      <Filter>头文件</Filter>
    </ClInclude>
    <ClInclude Include="Source\CoreMinimal\Crc.cpp">
      <Filter>头文件</Filter>
    </ClInclude>
    <ClInclude Include="Include\CoreMinimal\ByteSwap.h">
      <Filter>头文件</Filter>
    </ClInclude>
    <ClInclude Include="Include\Templates\Pair.h">
      <Filter>头文件</Filter>
    </ClInclude>
    <ClInclude Include="Include\Containers\SparseArray.h">
      <Filter>头文件</Filter>
    </ClInclude>
    <ClInclude Include="Include\Templates\Models.h">
      <Filter>头文件</Filter>
    </ClInclude>
    <ClInclude Include="Include\Containers\Set.h">
      <Filter>头文件</Filter>
    </ClInclude>
    <ClInclude Include="Include\Containers\Map.h">
      <Filter>头文件</Filter>
    </ClInclude>
    <ClInclude Include="Include\Containers\AllocatorsPmr.h">
      <Filter>头文件</Filter>
    </ClInclude>
  </ItemGroup>
</Project>